
Microsoft Visual Studio Solution File, Format Version 12.00
# Visual Studio Version 17
VisualStudioVersion = 17.7.34031.279
MinimumVisualStudioVersion = 10.0.40219.1
Project("{9A19103F-16F7-4668-BE54-9A1E7A4F7556}") = "l_2_1", "l_2\l_2_1.csproj", "{CCAE7D6D-04F9-47EB-B77E-A3065DD4F563}"
EndProject
Project("{FAE04EC0-301F-11D3-BF4B-00C04F79EFBC}") = "l_2_2", "l_2_2\l_2_2.csproj", "{F92A77D9-16A8-45AD-9205-82C1ECD40252}"
EndProject
Project("{FAE04EC0-301F-11D3-BF4B-00C04F79EFBC}") = "l_2_3", "l_2_3\l_2_3.csproj", "{C67EF4FE-9AE0-40BE-A207-B118AE24151B}"
EndProject
Global
	GlobalSection(SolutionConfigurationPlatforms) = preSolution
		Debug|Any CPU = Debug|Any CPU
		Release|Any CPU = Release|Any CPU
	EndGlobalSection
	GlobalSection(ProjectConfigurationPlatforms) = postSolution
		{CCAE7D6D-04F9-47EB-B77E-A3065DD4F563}.Debug|Any CPU.ActiveCfg = Debug|Any CPU
		{CCAE7D6D-04F9-47EB-B77E-A3065DD4F563}.Debug|Any CPU.Build.0 = Debug|Any CPU
		{CCAE7D6D-04F9-47EB-B77E-A3065DD4F563}.Release|Any CPU.ActiveCfg = Release|Any CPU
		{CCAE7D6D-04F9-47EB-B77E-A3065DD4F563}.Release|Any CPU.Build.0 = Release|Any CPU
		{F92A77D9-16A8-45AD-9205-82C1ECD40252}.Debug|Any CPU.ActiveCfg = Debug|Any CPU
		{F92A77D9-16A8-45AD-9205-82C1ECD40252}.Debug|Any CPU.Build.0 = Debug|Any CPU
		{F92A77D9-16A8-45AD-9205-82C1ECD40252}.Release|Any CPU.ActiveCfg = Release|Any CPU
		{F92A77D9-16A8-45AD-9205-82C1ECD40252}.Release|Any CPU.Build.0 = Release|Any CPU
		{C67EF4FE-9AE0-40BE-A207-B118AE24151B}.Debug|Any CPU.ActiveCfg = Debug|Any CPU
		{C67EF4FE-9AE0-40BE-A207-B118AE24151B}.Debug|Any CPU.Build.0 = Debug|Any CPU
		{C67EF4FE-9AE0-40BE-A207-B118AE24151B}.Release|Any CPU.ActiveCfg = Release|Any CPU
		{C67EF4FE-9AE0-40BE-A207-B118AE24151B}.Release|Any CPU.Build.0 = Release|Any CPU
	EndGlobalSection
	GlobalSection(SolutionProperties) = preSolution
		HideSolutionNode = FALSE
	EndGlobalSection
	GlobalSection(ExtensibilityGlobals) = postSolution
		SolutionGuid = {05CE5E5B-47C5-4D27-AB4A-01C1E06C6CB0}
	EndGlobalSection
EndGlobal
